schema: '2.0'
stages:
  data_ingestion:
    cmd: python src/chestCancerClassifier/pipeline/stage_01_data_ingestion.py
    deps:
    - path: config/config.yaml
      hash: md5
      md5: 0db65fe4a33d2293c999756481023e0a
      size: 576
    - path: src/chestCancerClassifier/pipeline/stage_01_data_ingestion.py
      hash: md5
      md5: 1a5fe8c18935eb7332e0ca885cf6a2d2
      size: 962
    outs:
    - path: artifacts/data_ingestion/Chest_CT_scan_Data
      hash: md5
      md5: edeefde48ab50a9f16b6cbfa7ac0f8a4.dir
      size: 51838974
      nfiles: 369
  prepare_base_model:
    cmd: python 
      src/chestCancerClassifier/pipeline/stage_02_prepare_base_model.py
    deps:
    - path: config/config.yaml
      hash: md5
      md5: 0db65fe4a33d2293c999756481023e0a
      size: 576
    - path: src/chestCancerClassifier/pipeline/stage_02_prepare_base_model.py
      hash: md5
      md5: ae34ada1e2db0d1a9428f13b5144a183
      size: 1019
    params:
      params.yaml:
        CLASSES: 2
        IMAGE_SIZE:
        - 224
        - 224
        - 3
        INCLUDE_TOP: false
        LEARNING_RATE: 0.001
        WEIGHTS: imagenet
    outs:
    - path: artifacts/prepare_base_model
      hash: md5
      md5: 33c2086213b7a45aa5e6355d7a0cb41d.dir
      size: 118054560
      nfiles: 2
  model_trainer:
    cmd: python src/chestCancerClassifier/pipeline/stage_03_model_trainer.py
    deps:
    - path: artifacts/data_ingestion/Chest_CT_scan_Data
      hash: md5
      md5: edeefde48ab50a9f16b6cbfa7ac0f8a4.dir
      size: 51838974
      nfiles: 369
    - path: artifacts/prepare_base_model
      hash: md5
      md5: 33c2086213b7a45aa5e6355d7a0cb41d.dir
      size: 118054560
      nfiles: 2
    - path: config/config.yaml
      hash: md5
      md5: 0db65fe4a33d2293c999756481023e0a
      size: 576
    - path: src/chestCancerClassifier/pipeline/stage_03_model_trainer.py
      hash: md5
      md5: 4b22abffc95ba301223fa98660e02edc
      size: 1331
    params:
      params.yaml:
        AUGMENTATION: false
        BATCH_SIZE: 16
        EPOCHS: 4
        IMAGE_SIZE:
        - 224
        - 224
        - 3
    outs:
    - path: artifacts/training/model.h5
      hash: md5
      md5: 56e49ed2e3e28631bcb0bc75608eae12
      size: 59337520
  model_evaluation:
    cmd: python src/chestCancerClassifier/pipeline/stage_04_model_evaluation.py
    deps:
    - path: artifacts/data_ingestion/Chest_CT_scan_Data
      hash: md5
      md5: edeefde48ab50a9f16b6cbfa7ac0f8a4.dir
      size: 51838974
      nfiles: 369
    - path: artifacts/training/model.h5
      hash: md5
      md5: 56e49ed2e3e28631bcb0bc75608eae12
      size: 59337520
    - path: config/config.yaml
      hash: md5
      md5: 0db65fe4a33d2293c999756481023e0a
      size: 576
    - path: src/chestCancerClassifier/pipeline/stage_04_model_evaluation.py
      hash: md5
      md5: ab46c38782f477fc1812b2ca3cbee22f
      size: 977
    params:
      params.yaml:
        BATCH_SIZE: 16
        IMAGE_SIZE:
        - 224
        - 224
        - 3
    outs:
    - path: scores.json
      hash: md5
      md5: 0bb2b88bc8a11d95c22323a7db929d8c
      size: 74
